
Microsoft Visual Studio Solution File, Format Version 12.00
Project("{FAE04EC0-301F-11D3-BF4B-00C04F79EFBC}") = "dotnet_challenge", "dotnet_challenge\dotnet_challenge.csproj", "{1E7D2A36-38F8-49E2-ACCD-2FAFB98ED05A}"
EndProject
Global
	GlobalSection(SolutionConfigurationPlatforms) = preSolution
		Debug|Any CPU = Debug|Any CPU
		Release|Any CPU = Release|Any CPU
	EndGlobalSection
	GlobalSection(ProjectConfigurationPlatforms) = postSolution
		{1E7D2A36-38F8-49E2-ACCD-2FAFB98ED05A}.Debug|Any CPU.ActiveCfg = Debug|Any CPU
		{1E7D2A36-38F8-49E2-ACCD-2FAFB98ED05A}.Debug|Any CPU.Build.0 = Debug|Any CPU
		{1E7D2A36-38F8-49E2-ACCD-2FAFB98ED05A}.Release|Any CPU.ActiveCfg = Release|Any CPU
		{1E7D2A36-38F8-49E2-ACCD-2FAFB98ED05A}.Release|Any CPU.Build.0 = Release|Any CPU
	EndGlobalSection
EndGlobal
